
Microsoft Visual Studio Solution File, Format Version 12.00
# Visual Studio 2013
VisualStudioVersion = 12.0.40629.0
MinimumVisualStudioVersion = 10.0.40219.1
Project("{FAE04EC0-301F-11D3-BF4B-00C04F79EFBC}") = "S_KYA", "S_KYA\S_KYA.csproj", "{ACEC01B6-41C0-49B0-B8D8-DDC68EEDA48D}"
EndProject
Project("{FAE04EC0-301F-11D3-BF4B-00C04F79EFBC}") = "S_KYA_Common", "Common\S_KYA_Common.csproj", "{65689A40-DB8D-49DB-A34F-4F933CD1C0A8}"
EndProject
Project("{FAE04EC0-301F-11D3-BF4B-00C04F79EFBC}") = "S_KYA_Core", "S_KYA_Core\S_KYA_Core.csproj", "{C026AFEC-0828-4503-BF47-A1F5AF71F045}"
EndProject
Global
	GlobalSection(SolutionConfigurationPlatforms) = preSolution
		Debug|Any CPU = Debug|Any CPU
		Release|Any CPU = Release|Any CPU
	EndGlobalSection
	GlobalSection(ProjectConfigurationPlatforms) = postSolution
		{ACEC01B6-41C0-49B0-B8D8-DDC68EEDA48D}.Debug|Any CPU.ActiveCfg = Debug|Any CPU
		{ACEC01B6-41C0-49B0-B8D8-DDC68EEDA48D}.Debug|Any CPU.Build.0 = Debug|Any CPU
		{ACEC01B6-41C0-49B0-B8D8-DDC68EEDA48D}.Release|Any CPU.ActiveCfg = Release|Any CPU
		{ACEC01B6-41C0-49B0-B8D8-DDC68EEDA48D}.Release|Any CPU.Build.0 = Release|Any CPU
		{65689A40-DB8D-49DB-A34F-4F933CD1C0A8}.Debug|Any CPU.ActiveCfg = Debug|Any CPU
		{65689A40-DB8D-49DB-A34F-4F933CD1C0A8}.Debug|Any CPU.Build.0 = Debug|Any CPU
		{65689A40-DB8D-49DB-A34F-4F933CD1C0A8}.Release|Any CPU.ActiveCfg = Release|Any CPU
		{65689A40-DB8D-49DB-A34F-4F933CD1C0A8}.Release|Any CPU.Build.0 = Release|Any CPU
		{C026AFEC-0828-4503-BF47-A1F5AF71F045}.Debug|Any CPU.ActiveCfg = Debug|Any CPU
		{C026AFEC-0828-4503-BF47-A1F5AF71F045}.Debug|Any CPU.Build.0 = Debug|Any CPU
		{C026AFEC-0828-4503-BF47-A1F5AF71F045}.Release|Any CPU.ActiveCfg = Release|Any CPU
		{C026AFEC-0828-4503-BF47-A1F5AF71F045}.Release|Any CPU.Build.0 = Release|Any CPU
	EndGlobalSection
	GlobalSection(SolutionProperties) = preSolution
		HideSolutionNode = FALSE
	EndGlobalSection
	GlobalSection(ExtensibilityGlobals) = postSolution
		SolutionGuid = {C858AB26-241E-4C3F-AA4C-4AFF460D26E2}
	EndGlobalSection
EndGlobal
